
Microsoft Visual Studio Solution File, Format Version 12.00
# Visual Studio Version 16
VisualStudioVersion = 16.0.30002.166
MinimumVisualStudioVersion = 10.0.40219.1
Project("{FAE04EC0-301F-11D3-BF4B-00C04F79EFBC}") = "ToDoListWebApi", "ToDoListWebApi.csproj", "{AEABFAF4-0970-48E6-95FC-4AE56E471704}"
EndProject
Global
	GlobalSection(SolutionConfigurationPlatforms) = preSolution
		Debug|Any CPU = Debug|Any CPU
		Release|Any CPU = Release|Any CPU
	EndGlobalSection
	GlobalSection(ProjectConfigurationPlatforms) = postSolution
		{AEABFAF4-0970-48E6-95FC-4AE56E471704}.Debug|Any CPU.ActiveCfg = Debug|Any CPU
		{AEABFAF4-0970-48E6-95FC-4AE56E471704}.Debug|Any CPU.Build.0 = Debug|Any CPU
		{AEABFAF4-0970-48E6-95FC-4AE56E471704}.Release|Any CPU.ActiveCfg = Release|Any CPU
		{AEABFAF4-0970-48E6-95FC-4AE56E471704}.Release|Any CPU.Build.0 = Release|Any CPU
	EndGlobalSection
	GlobalSection(SolutionProperties) = preSolution
		HideSolutionNode = FALSE
	EndGlobalSection
	GlobalSection(ExtensibilityGlobals) = postSolution
		SolutionGuid = {4A01DAB0-83C7-4E3E-B77A-5521974A826A}
	EndGlobalSection
EndGlobal
