
Microsoft Visual Studio Solution File, Format Version 12.00
# Visual Studio Version 16
VisualStudioVersion = 16.0.29905.134
MinimumVisualStudioVersion = 10.0.40219.1
Project("{9A19103F-16F7-4668-BE54-9A1E7A4F7556}") = "StudentsManagement", "StudentsManagement.csproj", "{5C893B69-0B4A-42C3-BD12-637048E259B0}"
EndProject
Global
	GlobalSection(SolutionConfigurationPlatforms) = preSolution
		Debug|Any CPU = Debug|Any CPU
		Release|Any CPU = Release|Any CPU
	EndGlobalSection
	GlobalSection(ProjectConfigurationPlatforms) = postSolution
		{5C893B69-0B4A-42C3-BD12-637048E259B0}.Debug|Any CPU.ActiveCfg = Debug|Any CPU
		{5C893B69-0B4A-42C3-BD12-637048E259B0}.Debug|Any CPU.Build.0 = Debug|Any CPU
		{5C893B69-0B4A-42C3-BD12-637048E259B0}.Release|Any CPU.ActiveCfg = Release|Any CPU
		{5C893B69-0B4A-42C3-BD12-637048E259B0}.Release|Any CPU.Build.0 = Release|Any CPU
	EndGlobalSection
	GlobalSection(SolutionProperties) = preSolution
		HideSolutionNode = FALSE
	EndGlobalSection
	GlobalSection(ExtensibilityGlobals) = postSolution
		SolutionGuid = {AAFF648B-AF02-4832-B2B2-220008DC5209}
	EndGlobalSection
EndGlobal
