
Microsoft Visual Studio Solution File, Format Version 12.00
# Visual Studio 15
VisualStudioVersion = 15.0.27428.2015
MinimumVisualStudioVersion = 10.0.40219.1
Project("{9A19103F-16F7-4668-BE54-9A1E7A4F7556}") = "Urbex", "Urbex\Urbex.csproj", "{407DE171-302B-4B7D-862C-B1019F903670}"
EndProject
Project("{FAE04EC0-301F-11D3-BF4B-00C04F79EFBC}") = "Urbex.Data.Sql", "Urbex.Common\Urbex.Data.Sql.csproj", "{39D3FDA9-1AC7-467C-903E-5C50B2A7119F}"
EndProject
Global
	GlobalSection(SolutionConfigurationPlatforms) = preSolution
		Debug|Any CPU = Debug|Any CPU
		Release|Any CPU = Release|Any CPU
	EndGlobalSection
	GlobalSection(ProjectConfigurationPlatforms) = postSolution
		{407DE171-302B-4B7D-862C-B1019F903670}.Debug|Any CPU.ActiveCfg = Debug|Any CPU
		{407DE171-302B-4B7D-862C-B1019F903670}.Debug|Any CPU.Build.0 = Debug|Any CPU
		{407DE171-302B-4B7D-862C-B1019F903670}.Release|Any CPU.ActiveCfg = Release|Any CPU
		{407DE171-302B-4B7D-862C-B1019F903670}.Release|Any CPU.Build.0 = Release|Any CPU
		{39D3FDA9-1AC7-467C-903E-5C50B2A7119F}.Debug|Any CPU.ActiveCfg = Debug|Any CPU
		{39D3FDA9-1AC7-467C-903E-5C50B2A7119F}.Debug|Any CPU.Build.0 = Debug|Any CPU
		{39D3FDA9-1AC7-467C-903E-5C50B2A7119F}.Release|Any CPU.ActiveCfg = Release|Any CPU
		{39D3FDA9-1AC7-467C-903E-5C50B2A7119F}.Release|Any CPU.Build.0 = Release|Any CPU
	EndGlobalSection
	GlobalSection(SolutionProperties) = preSolution
		HideSolutionNode = FALSE
	EndGlobalSection
	GlobalSection(ExtensibilityGlobals) = postSolution
		SolutionGuid = {7F229A1D-DE3F-4790-8F2D-F622F4E53DF7}
	EndGlobalSection
EndGlobal
