
Microsoft Visual Studio Solution File, Format Version 12.00
# Visual Studio Version 16
VisualStudioVersion = 16.0.29418.71
MinimumVisualStudioVersion = 10.0.40219.1
Project("{FAE04EC0-301F-11D3-BF4B-00C04F79EFBC}") = "Steganografia", "Steganografia.csproj", "{16A950FC-7E54-4EE0-ABDE-8B3BB79C979D}"
EndProject
Global
	GlobalSection(SolutionConfigurationPlatforms) = preSolution
		Debug|Any CPU = Debug|Any CPU
		Release|Any CPU = Release|Any CPU
	EndGlobalSection
	GlobalSection(ProjectConfigurationPlatforms) = postSolution
		{16A950FC-7E54-4EE0-ABDE-8B3BB79C979D}.Debug|Any CPU.ActiveCfg = Debug|Any CPU
		{16A950FC-7E54-4EE0-ABDE-8B3BB79C979D}.Debug|Any CPU.Build.0 = Debug|Any CPU
		{16A950FC-7E54-4EE0-ABDE-8B3BB79C979D}.Release|Any CPU.ActiveCfg = Release|Any CPU
		{16A950FC-7E54-4EE0-ABDE-8B3BB79C979D}.Release|Any CPU.Build.0 = Release|Any CPU
	EndGlobalSection
	GlobalSection(SolutionProperties) = preSolution
		HideSolutionNode = FALSE
	EndGlobalSection
	GlobalSection(ExtensibilityGlobals) = postSolution
		SolutionGuid = {46A54CF0-0D8E-424E-8FD7-D6D353E32E9D}
	EndGlobalSection
EndGlobal
